
Microsoft Visual Studio Solution File, Format Version 12.00
# Visual Studio Version 16
VisualStudioVersion = 16.0.30907.101
MinimumVisualStudioVersion = 10.0.40219.1
Project("{FAE04EC0-301F-11D3-BF4B-00C04F79EFBC}") = "chooseyourOwnAdventure", "chooseyourOwnAdventure\chooseyourOwnAdventure.csproj", "{D533F289-761A-4DBF-8900-BC4AE5A6AADD}"
EndProject
Global
	GlobalSection(SolutionConfigurationPlatforms) = preSolution
		Debug|Any CPU = Debug|Any CPU
		Release|Any CPU = Release|Any CPU
	EndGlobalSection
	GlobalSection(ProjectConfigurationPlatforms) = postSolution
		{D533F289-761A-4DBF-8900-BC4AE5A6AADD}.Debug|Any CPU.ActiveCfg = Debug|Any CPU
		{D533F289-761A-4DBF-8900-BC4AE5A6AADD}.Debug|Any CPU.Build.0 = Debug|Any CPU
		{D533F289-761A-4DBF-8900-BC4AE5A6AADD}.Release|Any CPU.ActiveCfg = Release|Any CPU
		{D533F289-761A-4DBF-8900-BC4AE5A6AADD}.Release|Any CPU.Build.0 = Release|Any CPU
	EndGlobalSection
	GlobalSection(SolutionProperties) = preSolution
		HideSolutionNode = FALSE
	EndGlobalSection
	GlobalSection(ExtensibilityGlobals) = postSolution
		SolutionGuid = {3920875B-5842-47DD-84D7-C2EB1F86FDDE}
	EndGlobalSection
EndGlobal
